
Microsoft Visual Studio Solution File, Format Version 12.00
# Visual Studio Version 16
VisualStudioVersion = 16.0.30002.166
MinimumVisualStudioVersion = 10.0.40219.1
Project("{FAE04EC0-301F-11D3-BF4B-00C04F79EFBC}") = "NGEN Customer Web Portal", "NGEN Customer Web Portal\NGEN Customer Web Portal.csproj", "{6E812CB6-AAC5-4FDF-9B63-FC94DE160967}"
EndProject
Global
	GlobalSection(SolutionConfigurationPlatforms) = preSolution
		Debug|Any CPU = Debug|Any CPU
		Release|Any CPU = Release|Any CPU
	EndGlobalSection
	GlobalSection(ProjectConfigurationPlatforms) = postSolution
		{6E812CB6-AAC5-4FDF-9B63-FC94DE160967}.Debug|Any CPU.ActiveCfg = Debug|Any CPU
		{6E812CB6-AAC5-4FDF-9B63-FC94DE160967}.Debug|Any CPU.Build.0 = Debug|Any CPU
		{6E812CB6-AAC5-4FDF-9B63-FC94DE160967}.Release|Any CPU.ActiveCfg = Release|Any CPU
		{6E812CB6-AAC5-4FDF-9B63-FC94DE160967}.Release|Any CPU.Build.0 = Release|Any CPU
	EndGlobalSection
	GlobalSection(SolutionProperties) = preSolution
		HideSolutionNode = FALSE
	EndGlobalSection
	GlobalSection(ExtensibilityGlobals) = postSolution
		SolutionGuid = {0692B5CB-A67C-4C61-BDA6-FAFB100288B3}
	EndGlobalSection
EndGlobal
